
Microsoft Visual Studio Solution File, Format Version 12.00
# Visual Studio 15
VisualStudioVersion = 15.0.28307.2017
MinimumVisualStudioVersion = 10.0.40219.1
Project("{FAE04EC0-301F-11D3-BF4B-00C04F79EFBC}") = "WindowsFormsGameApp", "WindowsFormsGameApp.csproj", "{D624E8E7-DB58-4AF4-B228-9B4E0CAB6C8D}"
EndProject
Global
	GlobalSection(SolutionConfigurationPlatforms) = preSolution
		Debug|Any CPU = Debug|Any CPU
		Release|Any CPU = Release|Any CPU
	EndGlobalSection
	GlobalSection(ProjectConfigurationPlatforms) = postSolution
		{D624E8E7-DB58-4AF4-B228-9B4E0CAB6C8D}.Debug|Any CPU.ActiveCfg = Debug|Any CPU
		{D624E8E7-DB58-4AF4-B228-9B4E0CAB6C8D}.Debug|Any CPU.Build.0 = Debug|Any CPU
		{D624E8E7-DB58-4AF4-B228-9B4E0CAB6C8D}.Release|Any CPU.ActiveCfg = Release|Any CPU
		{D624E8E7-DB58-4AF4-B228-9B4E0CAB6C8D}.Release|Any CPU.Build.0 = Release|Any CPU
	EndGlobalSection
	GlobalSection(SolutionProperties) = preSolution
		HideSolutionNode = FALSE
	EndGlobalSection
	GlobalSection(ExtensibilityGlobals) = postSolution
		SolutionGuid = {083DA4DC-1FEC-404F-8BEA-804728D45204}
	EndGlobalSection
EndGlobal
